
Microsoft Visual Studio Solution File, Format Version 12.00
# Visual Studio Version 16
VisualStudioVersion = 16.6.30114.105
MinimumVisualStudioVersion = 10.0.40219.1
Project("{FAE04EC0-301F-11D3-BF4B-00C04F79EFBC}") = "TaxaJurosAPI", "TaxaJurosAPI\TaxaJurosAPI.csproj", "{091899B9-DEDA-478C-92F7-D56B67B8EBEF}"
EndProject
Project("{FAE04EC0-301F-11D3-BF4B-00C04F79EFBC}") = "TaxaJurosAPI.Tests", "TaxaJurosAPI.Tests\TaxaJurosAPI.Tests.csproj", "{E8E1C4A7-21C8-4E08-BB1F-673069C9216B}"
EndProject
Project("{FAE04EC0-301F-11D3-BF4B-00C04F79EFBC}") = "CalculaJurosAPI", "CalculaJurosAPI\CalculaJurosAPI.csproj", "{E4144053-38DC-408D-B621-E1207842E7FD}"
EndProject
Project("{FAE04EC0-301F-11D3-BF4B-00C04F79EFBC}") = "CalculaJurosAPI.Tests", "CalculaJurosAPI.Tests\CalculaJurosAPI.Tests.csproj", "{ADF67A0D-7569-4019-A27B-633B98059A5F}"
EndProject
Global
	GlobalSection(SolutionConfigurationPlatforms) = preSolution
		Debug|Any CPU = Debug|Any CPU
		Debug|x64 = Debug|x64
		Debug|x86 = Debug|x86
		Release|Any CPU = Release|Any CPU
		Release|x64 = Release|x64
		Release|x86 = Release|x86
	EndGlobalSection
	GlobalSection(SolutionProperties) = preSolution
		HideSolutionNode = FALSE
	EndGlobalSection
	GlobalSection(ProjectConfigurationPlatforms) = postSolution
		{091899B9-DEDA-478C-92F7-D56B67B8EBEF}.Debug|Any CPU.ActiveCfg = Debug|Any CPU
		{091899B9-DEDA-478C-92F7-D56B67B8EBEF}.Debug|Any CPU.Build.0 = Debug|Any CPU
		{091899B9-DEDA-478C-92F7-D56B67B8EBEF}.Debug|x64.ActiveCfg = Debug|Any CPU
		{091899B9-DEDA-478C-92F7-D56B67B8EBEF}.Debug|x64.Build.0 = Debug|Any CPU
		{091899B9-DEDA-478C-92F7-D56B67B8EBEF}.Debug|x86.ActiveCfg = Debug|Any CPU
		{091899B9-DEDA-478C-92F7-D56B67B8EBEF}.Debug|x86.Build.0 = Debug|Any CPU
		{091899B9-DEDA-478C-92F7-D56B67B8EBEF}.Release|Any CPU.ActiveCfg = Release|Any CPU
		{091899B9-DEDA-478C-92F7-D56B67B8EBEF}.Release|Any CPU.Build.0 = Release|Any CPU
		{091899B9-DEDA-478C-92F7-D56B67B8EBEF}.Release|x64.ActiveCfg = Release|Any CPU
		{091899B9-DEDA-478C-92F7-D56B67B8EBEF}.Release|x64.Build.0 = Release|Any CPU
		{091899B9-DEDA-478C-92F7-D56B67B8EBEF}.Release|x86.ActiveCfg = Release|Any CPU
		{091899B9-DEDA-478C-92F7-D56B67B8EBEF}.Release|x86.Build.0 = Release|Any CPU
		{E8E1C4A7-21C8-4E08-BB1F-673069C9216B}.Debug|Any CPU.ActiveCfg = Debug|Any CPU
		{E8E1C4A7-21C8-4E08-BB1F-673069C9216B}.Debug|Any CPU.Build.0 = Debug|Any CPU
		{E8E1C4A7-21C8-4E08-BB1F-673069C9216B}.Debug|x64.ActiveCfg = Debug|Any CPU
		{E8E1C4A7-21C8-4E08-BB1F-673069C9216B}.Debug|x64.Build.0 = Debug|Any CPU
		{E8E1C4A7-21C8-4E08-BB1F-673069C9216B}.Debug|x86.ActiveCfg = Debug|Any CPU
		{E8E1C4A7-21C8-4E08-BB1F-673069C9216B}.Debug|x86.Build.0 = Debug|Any CPU
		{E8E1C4A7-21C8-4E08-BB1F-673069C9216B}.Release|Any CPU.ActiveCfg = Release|Any CPU
		{E8E1C4A7-21C8-4E08-BB1F-673069C9216B}.Release|Any CPU.Build.0 = Release|Any CPU
		{E8E1C4A7-21C8-4E08-BB1F-673069C9216B}.Release|x64.ActiveCfg = Release|Any CPU
		{E8E1C4A7-21C8-4E08-BB1F-673069C9216B}.Release|x64.Build.0 = Release|Any CPU
		{E8E1C4A7-21C8-4E08-BB1F-673069C9216B}.Release|x86.ActiveCfg = Release|Any CPU
		{E8E1C4A7-21C8-4E08-BB1F-673069C9216B}.Release|x86.Build.0 = Release|Any CPU
		{E4144053-38DC-408D-B621-E1207842E7FD}.Debug|Any CPU.ActiveCfg = Debug|Any CPU
		{E4144053-38DC-408D-B621-E1207842E7FD}.Debug|Any CPU.Build.0 = Debug|Any CPU
		{E4144053-38DC-408D-B621-E1207842E7FD}.Debug|x64.ActiveCfg = Debug|Any CPU
		{E4144053-38DC-408D-B621-E1207842E7FD}.Debug|x64.Build.0 = Debug|Any CPU
		{E4144053-38DC-408D-B621-E1207842E7FD}.Debug|x86.ActiveCfg = Debug|Any CPU
		{E4144053-38DC-408D-B621-E1207842E7FD}.Debug|x86.Build.0 = Debug|Any CPU
		{E4144053-38DC-408D-B621-E1207842E7FD}.Release|Any CPU.ActiveCfg = Release|Any CPU
		{E4144053-38DC-408D-B621-E1207842E7FD}.Release|Any CPU.Build.0 = Release|Any CPU
		{E4144053-38DC-408D-B621-E1207842E7FD}.Release|x64.ActiveCfg = Release|Any CPU
		{E4144053-38DC-408D-B621-E1207842E7FD}.Release|x64.Build.0 = Release|Any CPU
		{E4144053-38DC-408D-B621-E1207842E7FD}.Release|x86.ActiveCfg = Release|Any CPU
		{E4144053-38DC-408D-B621-E1207842E7FD}.Release|x86.Build.0 = Release|Any CPU
		{ADF67A0D-7569-4019-A27B-633B98059A5F}.Debug|Any CPU.ActiveCfg = Debug|Any CPU
		{ADF67A0D-7569-4019-A27B-633B98059A5F}.Debug|Any CPU.Build.0 = Debug|Any CPU
		{ADF67A0D-7569-4019-A27B-633B98059A5F}.Debug|x64.ActiveCfg = Debug|Any CPU
		{ADF67A0D-7569-4019-A27B-633B98059A5F}.Debug|x64.Build.0 = Debug|Any CPU
		{ADF67A0D-7569-4019-A27B-633B98059A5F}.Debug|x86.ActiveCfg = Debug|Any CPU
		{ADF67A0D-7569-4019-A27B-633B98059A5F}.Debug|x86.Build.0 = Debug|Any CPU
		{ADF67A0D-7569-4019-A27B-633B98059A5F}.Release|Any CPU.ActiveCfg = Release|Any CPU
		{ADF67A0D-7569-4019-A27B-633B98059A5F}.Release|Any CPU.Build.0 = Release|Any CPU
		{ADF67A0D-7569-4019-A27B-633B98059A5F}.Release|x64.ActiveCfg = Release|Any CPU
		{ADF67A0D-7569-4019-A27B-633B98059A5F}.Release|x64.Build.0 = Release|Any CPU
		{ADF67A0D-7569-4019-A27B-633B98059A5F}.Release|x86.ActiveCfg = Release|Any CPU
		{ADF67A0D-7569-4019-A27B-633B98059A5F}.Release|x86.Build.0 = Release|Any CPU
	EndGlobalSection
EndGlobal
